// !$*UTF8*$!
{
	archiveVersion = 1;
	classes = {
	};
	objectVersion = 56;
	objects = {

/* Begin PBXBuildFile section */
		BC3249A42A8274FA0065805A /* PlacesSceneViewState.swift in Sources */ = {isa = PBXBuildFile; fileRef = BC3249A32A8274FA0065805A /* PlacesSceneViewState.swift */; };
		BC3249A72A827C2E0065805A /* PlacesObservableObject.swift in Sources */ = {isa = PBXBuildFile; fileRef = BC3249A62A827C2E0065805A /* PlacesObservableObject.swift */; };
		BC3249A92A827C380065805A /* Coordinator.swift in Sources */ = {isa = PBXBuildFile; fileRef = BC3249A82A827C380065805A /* Coordinator.swift */; };
		BC3249AC2A82829F0065805A /* PlaceDetailViewState.swift in Sources */ = {isa = PBXBuildFile; fileRef = BC3249AB2A82829F0065805A /* PlaceDetailViewState.swift */; };
		BC3249B02A828A980065805A /* ObservableObjects.swift in Sources */ = {isa = PBXBuildFile; fileRef = BC3249AF2A828A980065805A /* ObservableObjects.swift */; };
		BC3249B32A82D0BF0065805A /* View+.swift in Sources */ = {isa = PBXBuildFile; fileRef = BC3249B22A82D0BF0065805A /* View+.swift */; };
		BC3249B52A82D6220065805A /* Services.swift in Sources */ = {isa = PBXBuildFile; fileRef = BC3249B42A82D6220065805A /* Services.swift */; };
		BC3249B82A8D28380065805A /* MockPlacesService.swift in Sources */ = {isa = PBXBuildFile; fileRef = BC3249B72A8D28380065805A /* MockPlacesService.swift */; };
		BC3249BA2A8D285E0065805A /* ProductionPlacesService.swift in Sources */ = {isa = PBXBuildFile; fileRef = BC3249B92A8D285E0065805A /* ProductionPlacesService.swift */; };
		BC3249CF2A9E669A0065805A /* StoredAsyncImage.swift in Sources */ = {isa = PBXBuildFile; fileRef = BC3249CE2A9E669A0065805A /* StoredAsyncImage.swift */; };
		BC3249D22AA11CB60065805A /* FavoriteSceneView.swift in Sources */ = {isa = PBXBuildFile; fileRef = BC3249D12AA11CB60065805A /* FavoriteSceneView.swift */; };
		BC3249D42AA12CCF0065805A /* FavoriteSceneViewState.swift in Sources */ = {isa = PBXBuildFile; fileRef = BC3249D32AA12CCF0065805A /* FavoriteSceneViewState.swift */; };
		BC4243B32A66E69600A7957E /* Point.swift in Sources */ = {isa = PBXBuildFile; fileRef = BC4243B22A66E69600A7957E /* Point.swift */; };
		BC4243B52A66E6A500A7957E /* Place.swift in Sources */ = {isa = PBXBuildFile; fileRef = BC4243B42A66E6A500A7957E /* Place.swift */; };
		BC4243B72A66E6B400A7957E /* Places.swift in Sources */ = {isa = PBXBuildFile; fileRef = BC4243B62A66E6B400A7957E /* Places.swift */; };
		BC63BF132A70035300469FA7 /* PlacesSceneView.swift in Sources */ = {isa = PBXBuildFile; fileRef = BC63BF122A70035300469FA7 /* PlacesSceneView.swift */; };
		BC63BF152A7004E400469FA7 /* PlacesRow.swift in Sources */ = {isa = PBXBuildFile; fileRef = BC63BF142A7004E400469FA7 /* PlacesRow.swift */; };
		BC63BF172A7933A800469FA7 /* PlaceDetailView.swift in Sources */ = {isa = PBXBuildFile; fileRef = BC63BF162A7933A800469FA7 /* PlaceDetailView.swift */; };
		BC63BF1A2A79373900469FA7 /* ActivityIndicatorView in Frameworks */ = {isa = PBXBuildFile; productRef = BC63BF192A79373900469FA7 /* ActivityIndicatorView */; };
		BCB1595E2A66C7B7008FC189 /* Kind.swift in Sources */ = {isa = PBXBuildFile; fileRef = BCB1595D2A66C7B7008FC189 /* Kind.swift */; };
		BCB159602A66C7FF008FC189 /* PossibleKind.swift in Sources */ = {isa = PBXBuildFile; fileRef = BCB1595F2A66C7FF008FC189 /* PossibleKind.swift */; };
		BCB159622A66CD04008FC189 /* Properties.swift in Sources */ = {isa = PBXBuildFile; fileRef = BCB159612A66CD04008FC189 /* Properties.swift */; };
		BCB159642A66CE43008FC189 /* PlacesService.swift in Sources */ = {isa = PBXBuildFile; fileRef = BCB159632A66CE43008FC189 /* PlacesService.swift */; };
		C05610492A5C78CA007FB970 /* DevAcademyApp.swift in Sources */ = {isa = PBXBuildFile; fileRef = C05610482A5C78CA007FB970 /* DevAcademyApp.swift */; };
		C056104B2A5C78CA007FB970 /* RootView.swift in Sources */ = {isa = PBXBuildFile; fileRef = C056104A2A5C78CA007FB970 /* RootView.swift */; };
		C056104D2A5C78CB007FB970 /* Assets.xcassets in Resources */ = {isa = PBXBuildFile; fileRef = C056104C2A5C78CB007FB970 /* Assets.xcassets */; };
		C05610502A5C78CB007FB970 /* Preview Assets.xcassets in Resources */ = {isa = PBXBuildFile; fileRef = C056104F2A5C78CB007FB970 /* Preview Assets.xcassets */; };
/* End PBXBuildFile section */

/* Begin PBXFileReference section */
		BC3249A32A8274FA0065805A /* PlacesSceneViewState.swift */ = {isa = PBXFileReference; lastKnownFileType = sourcecode.swift; path = PlacesSceneViewState.swift; sourceTree = "<group>"; };
		BC3249A62A827C2E0065805A /* PlacesObservableObject.swift */ = {isa = PBXFileReference; lastKnownFileType = sourcecode.swift; path = PlacesObservableObject.swift; sourceTree = "<group>"; };
		BC3249A82A827C380065805A /* Coordinator.swift */ = {isa = PBXFileReference; lastKnownFileType = sourcecode.swift; path = Coordinator.swift; sourceTree = "<group>"; };
		BC3249AB2A82829F0065805A /* PlaceDetailViewState.swift */ = {isa = PBXFileReference; lastKnownFileType = sourcecode.swift; path = PlaceDetailViewState.swift; sourceTree = "<group>"; };
		BC3249AF2A828A980065805A /* ObservableObjects.swift */ = {isa = PBXFileReference; lastKnownFileType = sourcecode.swift; path = ObservableObjects.swift; sourceTree = "<group>"; };
		BC3249B22A82D0BF0065805A /* View+.swift */ = {isa = PBXFileReference; lastKnownFileType = sourcecode.swift; path = "View+.swift"; sourceTree = "<group>"; };
		BC3249B42A82D6220065805A /* Services.swift */ = {isa = PBXFileReference; lastKnownFileType = sourcecode.swift; path = Services.swift; sourceTree = "<group>"; };
		BC3249B72A8D28380065805A /* MockPlacesService.swift */ = {isa = PBXFileReference; lastKnownFileType = sourcecode.swift; path = MockPlacesService.swift; sourceTree = "<group>"; };
		BC3249B92A8D285E0065805A /* ProductionPlacesService.swift */ = {isa = PBXFileReference; lastKnownFileType = sourcecode.swift; path = ProductionPlacesService.swift; sourceTree = "<group>"; };
		BC3249CE2A9E669A0065805A /* StoredAsyncImage.swift */ = {isa = PBXFileReference; fileEncoding = 4; lastKnownFileType = sourcecode.swift; name = StoredAsyncImage.swift; path = DevAcademy/UI/Components/StoredAsyncImage.swift; sourceTree = SOURCE_ROOT; };
		BC3249D12AA11CB60065805A /* FavoriteSceneView.swift */ = {isa = PBXFileReference; lastKnownFileType = sourcecode.swift; path = FavoriteSceneView.swift; sourceTree = "<group>"; };
		BC3249D32AA12CCF0065805A /* FavoriteSceneViewState.swift */ = {isa = PBXFileReference; lastKnownFileType = sourcecode.swift; path = FavoriteSceneViewState.swift; sourceTree = "<group>"; };
		BC4243B22A66E69600A7957E /* Point.swift */ = {isa = PBXFileReference; lastKnownFileType = sourcecode.swift; path = Point.swift; sourceTree = "<group>"; };
		BC4243B42A66E6A500A7957E /* Place.swift */ = {isa = PBXFileReference; lastKnownFileType = sourcecode.swift; path = Place.swift; sourceTree = "<group>"; };
		BC4243B62A66E6B400A7957E /* Places.swift */ = {isa = PBXFileReference; lastKnownFileType = sourcecode.swift; path = Places.swift; sourceTree = "<group>"; };
		BC63BF122A70035300469FA7 /* PlacesSceneView.swift */ = {isa = PBXFileReference; lastKnownFileType = sourcecode.swift; path = PlacesSceneView.swift; sourceTree = "<group>"; };
		BC63BF142A7004E400469FA7 /* PlacesRow.swift */ = {isa = PBXFileReference; lastKnownFileType = sourcecode.swift; path = PlacesRow.swift; sourceTree = "<group>"; };
		BC63BF162A7933A800469FA7 /* PlaceDetailView.swift */ = {isa = PBXFileReference; lastKnownFileType = sourcecode.swift; path = PlaceDetailView.swift; sourceTree = "<group>"; };
		BCB1595D2A66C7B7008FC189 /* Kind.swift */ = {isa = PBXFileReference; lastKnownFileType = sourcecode.swift; path = Kind.swift; sourceTree = "<group>"; };
		BCB1595F2A66C7FF008FC189 /* PossibleKind.swift */ = {isa = PBXFileReference; lastKnownFileType = sourcecode.swift; path = PossibleKind.swift; sourceTree = "<group>"; };
		BCB159612A66CD04008FC189 /* Properties.swift */ = {isa = PBXFileReference; lastKnownFileType = sourcecode.swift; path = Properties.swift; sourceTree = "<group>"; };
		BCB159632A66CE43008FC189 /* PlacesService.swift */ = {isa = PBXFileReference; lastKnownFileType = sourcecode.swift; path = PlacesService.swift; sourceTree = "<group>"; };
		C05610452A5C78CA007FB970 /* DevAcademy.app */ = {isa = PBXFileReference; explicitFileType = wrapper.application; includeInIndex = 0; path = DevAcademy.app; sourceTree = BUILT_PRODUCTS_DIR; };
		C05610482A5C78CA007FB970 /* DevAcademyApp.swift */ = {isa = PBXFileReference; lastKnownFileType = sourcecode.swift; path = DevAcademyApp.swift; sourceTree = "<group>"; };
		C056104A2A5C78CA007FB970 /* RootView.swift */ = {isa = PBXFileReference; lastKnownFileType = sourcecode.swift; path = RootView.swift; sourceTree = "<group>"; };
		C056104C2A5C78CB007FB970 /* Assets.xcassets */ = {isa = PBXFileReference; lastKnownFileType = folder.assetcatalog; path = Assets.xcassets; sourceTree = "<group>"; };
		C056104F2A5C78CB007FB970 /* Preview Assets.xcassets */ = {isa = PBXFileReference; lastKnownFileType = folder.assetcatalog; path = "Preview Assets.xcassets"; sourceTree = "<group>"; };
/* End PBXFileReference section */

/* Begin PBXFrameworksBuildPhase section */
		C05610422A5C78CA007FB970 /* Frameworks */ = {
			isa = PBXFrameworksBuildPhase;
			buildActionMask = 2147483647;
			files = (
				BC63BF1A2A79373900469FA7 /* ActivityIndicatorView in Frameworks */,
			);
			runOnlyForDeploymentPostprocessing = 0;
		};
/* End PBXFrameworksBuildPhase section */

/* Begin PBXGroup section */
		BC3249A02A82749D0065805A /* PlacesScene */ = {
			isa = PBXGroup;
			children = (
				BC63BF122A70035300469FA7 /* PlacesSceneView.swift */,
				BC3249A32A8274FA0065805A /* PlacesSceneViewState.swift */,
			);
			path = PlacesScene;
			sourceTree = "<group>";
		};
		BC3249A12A8274AB0065805A /* PlaceDetail */ = {
			isa = PBXGroup;
			children = (
				BC63BF162A7933A800469FA7 /* PlaceDetailView.swift */,
				BC3249AB2A82829F0065805A /* PlaceDetailViewState.swift */,
			);
			path = PlaceDetail;
			sourceTree = "<group>";
		};
		BC3249A22A8274B90065805A /* PlacesRow */ = {
			isa = PBXGroup;
			children = (
				BC3249CE2A9E669A0065805A /* StoredAsyncImage.swift */,
				BC63BF142A7004E400469FA7 /* PlacesRow.swift */,
			);
			path = PlacesRow;
			sourceTree = "<group>";
		};
		BC3249A52A827C1C0065805A /* Environment */ = {
			isa = PBXGroup;
			children = (
				BC3249B12A82D0B20065805A /* Extensions */,
				BC3249A82A827C380065805A /* Coordinator.swift */,
				BC3249AF2A828A980065805A /* ObservableObjects.swift */,
			);
			path = Environment;
			sourceTree = "<group>";
		};
		BC3249AA2A827EB80065805A /* ObservableObject */ = {
			isa = PBXGroup;
			children = (
				BC3249A62A827C2E0065805A /* PlacesObservableObject.swift */,
			);
			path = ObservableObject;
			sourceTree = "<group>";
		};
		BC3249B12A82D0B20065805A /* Extensions */ = {
			isa = PBXGroup;
			children = (
				BC3249B22A82D0BF0065805A /* View+.swift */,
			);
			path = Extensions;
			sourceTree = "<group>";
		};
		BC3249B62A8D28270065805A /* PlacesService */ = {
			isa = PBXGroup;
			children = (
				BCB159632A66CE43008FC189 /* PlacesService.swift */,
				BC3249B92A8D285E0065805A /* ProductionPlacesService.swift */,
				BC3249B72A8D28380065805A /* MockPlacesService.swift */,
			);
			path = PlacesService;
			sourceTree = "<group>";
		};
		BC3249D02AA11CA10065805A /* FavoriteScene */ = {
			isa = PBXGroup;
			children = (
				BC3249D12AA11CB60065805A /* FavoriteSceneView.swift */,
				BC3249D32AA12CCF0065805A /* FavoriteSceneViewState.swift */,
			);
			path = FavoriteScene;
			sourceTree = "<group>";
		};
		BC4243B12A66E66F00A7957E /* Services */ = {
			isa = PBXGroup;
			children = (
				BC3249B62A8D28270065805A /* PlacesService */,
				BC3249B42A82D6220065805A /* Services.swift */,
			);
			path = Services;
			sourceTree = "<group>";
		};
		BC63BF102A7002C100469FA7 /* Scenes */ = {
			isa = PBXGroup;
			children = (
				BC63BF112A70032800469FA7 /* PlacesLive */,
			);
			path = Scenes;
			sourceTree = "<group>";
		};
		BC63BF112A70032800469FA7 /* PlacesLive */ = {
			isa = PBXGroup;
			children = (
				BC3249D02AA11CA10065805A /* FavoriteScene */,
				BC3249A02A82749D0065805A /* PlacesScene */,
				BC3249A12A8274AB0065805A /* PlaceDetail */,
				BC3249A22A8274B90065805A /* PlacesRow */,
			);
			path = PlacesLive;
			sourceTree = "<group>";
		};
		BCB1595C2A66C796008FC189 /* Models */ = {
			isa = PBXGroup;
			children = (
				BCB1595D2A66C7B7008FC189 /* Kind.swift */,
				BCB159612A66CD04008FC189 /* Properties.swift */,
				BC4243B62A66E6B400A7957E /* Places.swift */,
				BC4243B42A66E6A500A7957E /* Place.swift */,
				BC4243B22A66E69600A7957E /* Point.swift */,
				BCB1595F2A66C7FF008FC189 /* PossibleKind.swift */,
			);
			path = Models;
			sourceTree = "<group>";
		};
		C056103C2A5C78CA007FB970 = {
			isa = PBXGroup;
			children = (
				C05610472A5C78CA007FB970 /* DevAcademy */,
				C05610462A5C78CA007FB970 /* Products */,
			);
			sourceTree = "<group>";
		};
		C05610462A5C78CA007FB970 /* Products */ = {
			isa = PBXGroup;
			children = (
				C05610452A5C78CA007FB970 /* DevAcademy.app */,
			);
			name = Products;
			sourceTree = "<group>";
		};
		C05610472A5C78CA007FB970 /* DevAcademy */ = {
			isa = PBXGroup;
			children = (
				C05610482A5C78CA007FB970 /* DevAcademyApp.swift */,
				C056104A2A5C78CA007FB970 /* RootView.swift */,
				BC3249AA2A827EB80065805A /* ObservableObject */,
				BC3249A52A827C1C0065805A /* Environment */,
				BCB1595C2A66C796008FC189 /* Models */,
				BC4243B12A66E66F00A7957E /* Services */,
				BC63BF102A7002C100469FA7 /* Scenes */,
				C056104C2A5C78CB007FB970 /* Assets.xcassets */,
				C056104E2A5C78CB007FB970 /* Preview Content */,
			);
			path = DevAcademy;
			sourceTree = "<group>";
		};
		C056104E2A5C78CB007FB970 /* Preview Content */ = {
			isa = PBXGroup;
			children = (
				C056104F2A5C78CB007FB970 /* Preview Assets.xcassets */,
			);
			path = "Preview Content";
			sourceTree = "<group>";
		};
/* End PBXGroup section */

/* Begin PBXNativeTarget section */
		C05610442A5C78CA007FB970 /* DevAcademy */ = {
			isa = PBXNativeTarget;
			buildConfigurationList = C05610532A5C78CB007FB970 /* Build configuration list for PBXNativeTarget "DevAcademy" */;
			buildPhases = (
				C05610412A5C78CA007FB970 /* Sources */,
				C05610422A5C78CA007FB970 /* Frameworks */,
				C05610432A5C78CA007FB970 /* Resources */,
			);
			buildRules = (
			);
			dependencies = (
			);
			name = DevAcademy;
			packageProductDependencies = (
				BC63BF192A79373900469FA7 /* ActivityIndicatorView */,
			);
			productName = DevAcademy;
			productReference = C05610452A5C78CA007FB970 /* DevAcademy.app */;
			productType = "com.apple.product-type.application";
		};
/* End PBXNativeTarget section */

/* Begin PBXProject section */
		C056103D2A5C78CA007FB970 /* Project object */ = {
			isa = PBXProject;
			attributes = {
				BuildIndependentTargetsInParallel = 1;
				LastSwiftUpdateCheck = 1430;
				LastUpgradeCheck = 1430;
				TargetAttributes = {
					C05610442A5C78CA007FB970 = {
						CreatedOnToolsVersion = 14.3.1;
					};
				};
			};
			buildConfigurationList = C05610402A5C78CA007FB970 /* Build configuration list for PBXProject "DevAcademy" */;
			compatibilityVersion = "Xcode 14.0";
			developmentRegion = en;
			hasScannedForEncodings = 0;
			knownRegions = (
				en,
				Base,
			);
			mainGroup = C056103C2A5C78CA007FB970;
			packageReferences = (
				BC63BF182A79373900469FA7 /* XCRemoteSwiftPackageReference "ActivityIndicatorView" */,
			);
			productRefGroup = C05610462A5C78CA007FB970 /* Products */;
			projectDirPath = "";
			projectRoot = "";
			targets = (
				C05610442A5C78CA007FB970 /* DevAcademy */,
			);
		};
/* End PBXProject section */

/* Begin PBXResourcesBuildPhase section */
		C05610432A5C78CA007FB970 /* Resources */ = {
			isa = PBXResourcesBuildPhase;
			buildActionMask = 2147483647;
			files = (
				C05610502A5C78CB007FB970 /* Preview Assets.xcassets in Resources */,
				C056104D2A5C78CB007FB970 /* Assets.xcassets in Resources */,
			);
			runOnlyForDeploymentPostprocessing = 0;
		};
/* End PBXResourcesBuildPhase section */

/* Begin PBXSourcesBuildPhase section */
		C05610412A5C78CA007FB970 /* Sources */ = {
			isa = PBXSourcesBuildPhase;
			buildActionMask = 2147483647;
			files = (
				BC63BF172A7933A800469FA7 /* PlaceDetailView.swift in Sources */,
				BC3249D42AA12CCF0065805A /* FavoriteSceneViewState.swift in Sources */,
				BC3249CF2A9E669A0065805A /* StoredAsyncImage.swift in Sources */,
				BC4243B72A66E6B400A7957E /* Places.swift in Sources */,
				BC3249A92A827C380065805A /* Coordinator.swift in Sources */,
				BCB159602A66C7FF008FC189 /* PossibleKind.swift in Sources */,
				BC3249BA2A8D285E0065805A /* ProductionPlacesService.swift in Sources */,
				BC3249D22AA11CB60065805A /* FavoriteSceneView.swift in Sources */,
				C056104B2A5C78CA007FB970 /* RootView.swift in Sources */,
				BC3249B82A8D28380065805A /* MockPlacesService.swift in Sources */,
				C05610492A5C78CA007FB970 /* DevAcademyApp.swift in Sources */,
				BC3249B32A82D0BF0065805A /* View+.swift in Sources */,
				BC63BF132A70035300469FA7 /* PlacesSceneView.swift in Sources */,
				BC63BF152A7004E400469FA7 /* PlacesRow.swift in Sources */,
				BCB159642A66CE43008FC189 /* PlacesService.swift in Sources */,
				BC3249AC2A82829F0065805A /* PlaceDetailViewState.swift in Sources */,
				BC4243B52A66E6A500A7957E /* Place.swift in Sources */,
				BC3249A72A827C2E0065805A /* PlacesObservableObject.swift in Sources */,
				BC3249B52A82D6220065805A /* Services.swift in Sources */,
				BC3249A42A8274FA0065805A /* PlacesSceneViewState.swift in Sources */,
				BC4243B32A66E69600A7957E /* Point.swift in Sources */,
				BCB159622A66CD04008FC189 /* Properties.swift in Sources */,
				BCB1595E2A66C7B7008FC189 /* Kind.swift in Sources */,
				BC3249B02A828A980065805A /* ObservableObjects.swift in Sources */,
			);
			runOnlyForDeploymentPostprocessing = 0;
		};
/* End PBXSourcesBuildPhase section */

/* Begin XCBuildConfiguration section */
		C05610512A5C78CB007FB970 /* Debug */ = {
			isa = XCBuildConfiguration;
			buildSettings = {
				ALWAYS_SEARCH_USER_PATHS = NO;
				CLANG_ANALYZER_NONNULL = YES;
				CLANG_ANALYZER_NUMBER_OBJECT_CONVERSION = YES_AGGRESSIVE;
				CLANG_CXX_LANGUAGE_STANDARD = "gnu++20";
				CLANG_ENABLE_MODULES = YES;
				CLANG_ENABLE_OBJC_ARC = YES;
				CLANG_ENABLE_OBJC_WEAK = YES;
				CLANG_WARN_BLOCK_CAPTURE_AUTORELEASING = YES;
				CLANG_WARN_BOOL_CONVERSION = YES;
				CLANG_WARN_COMMA = YES;
				CLANG_WARN_CONSTANT_CONVERSION = YES;
				CLANG_WARN_DEPRECATED_OBJC_IMPLEMENTATIONS = YES;
				CLANG_WARN_DIRECT_OBJC_ISA_USAGE = YES_ERROR;
				CLANG_WARN_DOCUMENTATION_COMMENTS = YES;
				CLANG_WARN_EMPTY_BODY = YES;
				CLANG_WARN_ENUM_CONVERSION = YES;
				CLANG_WARN_INFINITE_RECURSION = YES;
				CLANG_WARN_INT_CONVERSION = YES;
				CLANG_WARN_NON_LITERAL_NULL_CONVERSION = YES;
				CLANG_WARN_OBJC_IMPLICIT_RETAIN_SELF = YES;
				CLANG_WARN_OBJC_LITERAL_CONVERSION = YES;
				CLANG_WARN_OBJC_ROOT_CLASS = YES_ERROR;
				CLANG_WARN_QUOTED_INCLUDE_IN_FRAMEWORK_HEADER = YES;
				CLANG_WARN_RANGE_LOOP_ANALYSIS = YES;
				CLANG_WARN_STRICT_PROTOTYPES = YES;
				CLANG_WARN_SUSPICIOUS_MOVE = YES;
				CLANG_WARN_UNGUARDED_AVAILABILITY = YES_AGGRESSIVE;
				CLANG_WARN_UNREACHABLE_CODE = YES;
				CLANG_WARN__DUPLICATE_METHOD_MATCH = YES;
				COPY_PHASE_STRIP = NO;
				DEBUG_INFORMATION_FORMAT = dwarf;
				ENABLE_STRICT_OBJC_MSGSEND = YES;
				ENABLE_TESTABILITY = YES;
				GCC_C_LANGUAGE_STANDARD = gnu11;
				GCC_DYNAMIC_NO_PIC = NO;
				GCC_NO_COMMON_BLOCKS = YES;
				GCC_OPTIMIZATION_LEVEL = 0;
				GCC_PREPROCESSOR_DEFINITIONS = (
					"DEBUG=1",
					"$(inherited)",
				);
				GCC_WARN_64_TO_32_BIT_CONVERSION = YES;
				GCC_WARN_ABOUT_RETURN_TYPE = YES_ERROR;
				GCC_WARN_UNDECLARED_SELECTOR = YES;
				GCC_WARN_UNINITIALIZED_AUTOS = YES_AGGRESSIVE;
				GCC_WARN_UNUSED_FUNCTION = YES;
				GCC_WARN_UNUSED_VARIABLE = YES;
				IPHONEOS_DEPLOYMENT_TARGET = 16.0;
				MTL_ENABLE_DEBUG_INFO = INCLUDE_SOURCE;
				MTL_FAST_MATH = YES;
				ONLY_ACTIVE_ARCH = YES;
				SDKROOT = iphoneos;
				SWIFT_ACTIVE_COMPILATION_CONDITIONS = DEBUG;
				SWIFT_OPTIMIZATION_LEVEL = "-Onone";
			};
			name = Debug;
		};
		C05610522A5C78CB007FB970 /* Release */ = {
			isa = XCBuildConfiguration;
			buildSettings = {
				ALWAYS_SEARCH_USER_PATHS = NO;
				CLANG_ANALYZER_NONNULL = YES;
				CLANG_ANALYZER_NUMBER_OBJECT_CONVERSION = YES_AGGRESSIVE;
				CLANG_CXX_LANGUAGE_STANDARD = "gnu++20";
				CLANG_ENABLE_MODULES = YES;
				CLANG_ENABLE_OBJC_ARC = YES;
				CLANG_ENABLE_OBJC_WEAK = YES;
				CLANG_WARN_BLOCK_CAPTURE_AUTORELEASING = YES;
				CLANG_WARN_BOOL_CONVERSION = YES;
				CLANG_WARN_COMMA = YES;
				CLANG_WARN_CONSTANT_CONVERSION = YES;
				CLANG_WARN_DEPRECATED_OBJC_IMPLEMENTATIONS = YES;
				CLANG_WARN_DIRECT_OBJC_ISA_USAGE = YES_ERROR;
				CLANG_WARN_DOCUMENTATION_COMMENTS = YES;
				CLANG_WARN_EMPTY_BODY = YES;
				CLANG_WARN_ENUM_CONVERSION = YES;
				CLANG_WARN_INFINITE_RECURSION = YES;
				CLANG_WARN_INT_CONVERSION = YES;
				CLANG_WARN_NON_LITERAL_NULL_CONVERSION = YES;
				CLANG_WARN_OBJC_IMPLICIT_RETAIN_SELF = YES;
				CLANG_WARN_OBJC_LITERAL_CONVERSION = YES;
				CLANG_WARN_OBJC_ROOT_CLASS = YES_ERROR;
				CLANG_WARN_QUOTED_INCLUDE_IN_FRAMEWORK_HEADER = YES;
				CLANG_WARN_RANGE_LOOP_ANALYSIS = YES;
				CLANG_WARN_STRICT_PROTOTYPES = YES;
				CLANG_WARN_SUSPICIOUS_MOVE = YES;
				CLANG_WARN_UNGUARDED_AVAILABILITY = YES_AGGRESSIVE;
				CLANG_WARN_UNREACHABLE_CODE = YES;
				CLANG_WARN__DUPLICATE_METHOD_MATCH = YES;
				COPY_PHASE_STRIP = NO;
				DEBUG_INFORMATION_FORMAT = "dwarf-with-dsym";
				ENABLE_NS_ASSERTIONS = NO;
				ENABLE_STRICT_OBJC_MSGSEND = YES;
				GCC_C_LANGUAGE_STANDARD = gnu11;
				GCC_NO_COMMON_BLOCKS = YES;
				GCC_WARN_64_TO_32_BIT_CONVERSION = YES;
				GCC_WARN_ABOUT_RETURN_TYPE = YES_ERROR;
				GCC_WARN_UNDECLARED_SELECTOR = YES;
				GCC_WARN_UNINITIALIZED_AUTOS = YES_AGGRESSIVE;
				GCC_WARN_UNUSED_FUNCTION = YES;
				GCC_WARN_UNUSED_VARIABLE = YES;
				IPHONEOS_DEPLOYMENT_TARGET = 16.0;
				MTL_ENABLE_DEBUG_INFO = NO;
				MTL_FAST_MATH = YES;
				SDKROOT = iphoneos;
				SWIFT_COMPILATION_MODE = wholemodule;
				SWIFT_OPTIMIZATION_LEVEL = "-O";
				VALIDATE_PRODUCT = YES;
			};
			name = Release;
		};
		C05610542A5C78CB007FB970 /* Debug */ = {
			isa = XCBuildConfiguration;
			buildSettings = {
				ASSETCATALOG_COMPILER_APPICON_NAME = AppIcon;
				ASSETCATALOG_COMPILER_GLOBAL_ACCENT_COLOR_NAME = AccentColor;
				CODE_SIGN_STYLE = Automatic;
				CURRENT_PROJECT_VERSION = 1;
				DEVELOPMENT_ASSET_PATHS = "\"DevAcademy/Preview Content\"";
				ENABLE_PREVIEWS = YES;
				GENERATE_INFOPLIST_FILE = YES;
				INFOPLIST_KEY_UIApplicationSceneManifest_Generation = YES;
				INFOPLIST_KEY_UIApplicationSupportsIndirectInputEvents = YES;
				INFOPLIST_KEY_UILaunchScreen_Generation = YES;
				INFOPLIST_KEY_UISupportedInterfaceOrientations_iPad = "UIInterfaceOrientationPortrait UIInterfaceOrientationPortraitUpsideDown UIInterfaceOrientationLandscapeLeft UIInterfaceOrientationLandscapeRight";
				INFOPLIST_KEY_UISupportedInterfaceOrientations_iPhone = "UIInterfaceOrientationPortrait UIInterfaceOrientationLandscapeLeft UIInterfaceOrientationLandscapeRight";
				IPHONEOS_DEPLOYMENT_TARGET = 16.0;
				LD_RUNPATH_SEARCH_PATHS = (
					"$(inherited)",
					"@executable_path/Frameworks",
				);
				MARKETING_VERSION = 1.0;
				PRODUCT_BUNDLE_IDENTIFIER = app.futured.DevAcademy;
				PRODUCT_NAME = "$(TARGET_NAME)";
				SWIFT_EMIT_LOC_STRINGS = YES;
				SWIFT_VERSION = 5.0;
				TARGETED_DEVICE_FAMILY = "1,2";
			};
			name = Debug;
		};
		C05610552A5C78CB007FB970 /* Release */ = {
			isa = XCBuildConfiguration;
			buildSettings = {
				ASSETCATALOG_COMPILER_APPICON_NAME = AppIcon;
				ASSETCATALOG_COMPILER_GLOBAL_ACCENT_COLOR_NAME = AccentColor;
				CODE_SIGN_STYLE = Automatic;
				CURRENT_PROJECT_VERSION = 1;
				DEVELOPMENT_ASSET_PATHS = "\"DevAcademy/Preview Content\"";
				ENABLE_PREVIEWS = YES;
				GENERATE_INFOPLIST_FILE = YES;
				INFOPLIST_KEY_UIApplicationSceneManifest_Generation = YES;
				INFOPLIST_KEY_UIApplicationSupportsIndirectInputEvents = YES;
				INFOPLIST_KEY_UILaunchScreen_Generation = YES;
				INFOPLIST_KEY_UISupportedInterfaceOrientations_iPad = "UIInterfaceOrientationPortrait UIInterfaceOrientationPortraitUpsideDown UIInterfaceOrientationLandscapeLeft UIInterfaceOrientationLandscapeRight";
				INFOPLIST_KEY_UISupportedInterfaceOrientations_iPhone = "UIInterfaceOrientationPortrait UIInterfaceOrientationLandscapeLeft UIInterfaceOrientationLandscapeRight";
				IPHONEOS_DEPLOYMENT_TARGET = 16.0;
				LD_RUNPATH_SEARCH_PATHS = (
					"$(inherited)",
					"@executable_path/Frameworks",
				);
				MARKETING_VERSION = 1.0;
				PRODUCT_BUNDLE_IDENTIFIER = app.futured.DevAcademy;
				PRODUCT_NAME = "$(TARGET_NAME)";
				SWIFT_EMIT_LOC_STRINGS = YES;
				SWIFT_VERSION = 5.0;
				TARGETED_DEVICE_FAMILY = "1,2";
			};
			name = Release;
		};
/* End XCBuildConfiguration section */

/* Begin XCConfigurationList section */
		C05610402A5C78CA007FB970 /* Build configuration list for PBXProject "DevAcademy" */ = {
			isa = XCConfigurationList;
			buildConfigurations = (
				C05610512A5C78CB007FB970 /* Debug */,
				C05610522A5C78CB007FB970 /* Release */,
			);
			defaultConfigurationIsVisible = 0;
			defaultConfigurationName = Release;
		};
		C05610532A5C78CB007FB970 /* Build configuration list for PBXNativeTarget "DevAcademy" */ = {
			isa = XCConfigurationList;
			buildConfigurations = (
				C05610542A5C78CB007FB970 /* Debug */,
				C05610552A5C78CB007FB970 /* Release */,
			);
			defaultConfigurationIsVisible = 0;
			defaultConfigurationName = Release;
		};
/* End XCConfigurationList section */

/* Begin XCRemoteSwiftPackageReference section */
		BC63BF182A79373900469FA7 /* XCRemoteSwiftPackageReference "ActivityIndicatorView" */ = {
			isa = XCRemoteSwiftPackageReference;
			repositoryURL = "https://github.com/exyte/ActivityIndicatorView.git";
			requirement = {
				kind = upToNextMajorVersion;
				minimumVersion = 1.0.0;
			};
		};
/* End XCRemoteSwiftPackageReference section */

/* Begin XCSwiftPackageProductDependency section */
		BC63BF192A79373900469FA7 /* ActivityIndicatorView */ = {
			isa = XCSwiftPackageProductDependency;
			package = BC63BF182A79373900469FA7 /* XCRemoteSwiftPackageReference "ActivityIndicatorView" */;
			productName = ActivityIndicatorView;
		};
/* End XCSwiftPackageProductDependency section */
	};
	rootObject = C056103D2A5C78CA007FB970 /* Project object */;
}
